{
  "name": "create",
  "version": "1.0.0",
  "lockfileVersion": 1,
  "requires": true,
  "dependencies": {
    "@aws-crypto/ie11-detection": {
      "version": "1.0.0",
      "resolved": "https://registry.npmjs.org/@aws-crypto/ie11-detection/-/ie11-detection-1.0.0.tgz",
      "integrity": "sha512-kCKVhCF1oDxFYgQrxXmIrS5oaWulkvRcPz+QBDMsUr2crbF4VGgGT6+uQhSwJFdUAQ2A//Vq+uT83eJrkzFgXA==",
      "requires": {
        "tslib": "^1.11.1"
      },
      "dependencies": {
        "tslib": {
          "version": "1.14.1",
          "resolved": "https://registry.npmjs.org/tslib/-/tslib-1.14.1.tgz",
          "integrity": "sha512-Xni35NKzjgMrwevysHTCArtLDpPvye8zV/0E4EyYn43P7/7qvQwPh9BGkHewbMulVntbigmcT7rdX3BNo9wRJg=="
        }
      }
    },
    "@aws-crypto/sha256-browser": {
      "version": "1.2.1",
      "resolved": "https://registry.npmjs.org/@aws-crypto/sha256-browser/-/sha256-browser-1.2.1.tgz",
      "integrity": "sha512-WX/Wp6sXPhcBWx/w1aSJv3bDJL0ut5Ik6hl7yfqA1pn3cfsahl4rgHzRRXqYfJ+hnhnCqdgadS17wyBbVPsK+w==",
      "requires": {
        "@aws-crypto/ie11-detection": "^1.0.0",
        "@aws-crypto/sha256-js": "^1.2.1",
        "@aws-crypto/supports-web-crypto": "^1.0.0",
        "@aws-crypto/util": "^1.2.1",
        "@aws-sdk/types": "^3.1.0",
        "@aws-sdk/util-locate-window": "^3.0.0",
        "tslib": "^1.11.1"
      },
      "dependencies": {
        "tslib": {
          "version": "1.14.1",
          "resolved": "https://registry.npmjs.org/tslib/-/tslib-1.14.1.tgz",
          "integrity": "sha512-Xni35NKzjgMrwevysHTCArtLDpPvye8zV/0E4EyYn43P7/7qvQwPh9BGkHewbMulVntbigmcT7rdX3BNo9wRJg=="
        }
      }
    },
    "@aws-crypto/sha256-js": {
      "version": "1.2.1",
      "resolved": "https://registry.npmjs.org/@aws-crypto/sha256-js/-/sha256-js-1.2.1.tgz",
      "integrity": "sha512-KtZ4qFDWZy6pKcky6RvwSytR/I8vPX9Z47pXh9sOuTcxjjtcegzS2uupg9vo0vbFcAWkSHVOEmNPh6ygiC3VFQ==",
      "requires": {
        "@aws-crypto/util": "^1.2.1",
        "@aws-sdk/types": "^3.1.0",
        "tslib": "^1.11.1"
      },
      "dependencies": {
        "tslib": {
          "version": "1.14.1",
          "resolved": "https://registry.npmjs.org/tslib/-/tslib-1.14.1.tgz",
          "integrity": "sha512-Xni35NKzjgMrwevysHTCArtLDpPvye8zV/0E4EyYn43P7/7qvQwPh9BGkHewbMulVntbigmcT7rdX3BNo9wRJg=="
        }
      }
    },
    "@aws-crypto/supports-web-crypto": {
      "version": "1.0.0",
      "resolved": "https://registry.npmjs.org/@aws-crypto/supports-web-crypto/-/supports-web-crypto-1.0.0.tgz",
      "integrity": "sha512-IHLfv+WmVH89EW4n6a5eE8/hUlz6qkWGMn/v4r5ZgzcXdTC5nolii2z3k46y01hWRiC2PPhOdeSLzMUCUMco7g==",
      "requires": {
        "tslib": "^1.11.1"
      },
      "dependencies": {
        "tslib": {
          "version": "1.14.1",
          "resolved": "https://registry.npmjs.org/tslib/-/tslib-1.14.1.tgz",
          "integrity": "sha512-Xni35NKzjgMrwevysHTCArtLDpPvye8zV/0E4EyYn43P7/7qvQwPh9BGkHewbMulVntbigmcT7rdX3BNo9wRJg=="
        }
      }
    },
    "@aws-crypto/util": {
      "version": "1.2.1",
      "resolved": "https://registry.npmjs.org/@aws-crypto/util/-/util-1.2.1.tgz",
      "integrity": "sha512-H6Qrl28lzGGXZgLkdP7DQpJ3D3jJagQJugziThcqZCJVUT0HABHJt9EQMiiuf93KcUV/MMoisl56UfCxCFfmWQ==",
      "requires": {
        "@aws-sdk/types": "^3.1.0",
        "@aws-sdk/util-utf8-browser": "^3.0.0",
        "tslib": "^1.11.1"
      },
      "dependencies": {
        "tslib": {
          "version": "1.14.1",
          "resolved": "https://registry.npmjs.org/tslib/-/tslib-1.14.1.tgz",
          "integrity": "sha512-Xni35NKzjgMrwevysHTCArtLDpPvye8zV/0E4EyYn43P7/7qvQwPh9BGkHewbMulVntbigmcT7rdX3BNo9wRJg=="
        }
      }
    },
    "@aws-sdk/abort-controller": {
      "version": "3.36.0",
      "resolved": "https://registry.npmjs.org/@aws-sdk/abort-controller/-/abort-controller-3.36.0.tgz",
      "integrity": "sha512-IzOL+3x6odlo6mChPChSJepvtHncMKuCQSO0HCDp7AHdhfbZxDCrOL4byH6E3L/LXhUQX8hI0vYE1IDB1nqjhA==",
      "requires": {
        "@aws-sdk/types": "3.36.0",
        "tslib": "^2.3.0"
      }
    },
    "@aws-sdk/client-dynamodb": {
      "version": "3.36.0",
      "resolved": "https://registry.npmjs.org/@aws-sdk/client-dynamodb/-/client-dynamodb-3.36.0.tgz",
      "integrity": "sha512-C/+evn3vFpl/uXaCygz8Ru5+9WLSyTVCcydk0yPrB4r/D+mPFqGpqVQ4N0KlLkH/dr5fjW4/LYk9v/2VV1mglg==",
      "requires": {
        "@aws-crypto/sha256-browser": "^1.0.0",
        "@aws-crypto/sha256-js": "^1.0.0",
        "@aws-sdk/client-sts": "3.36.0",
        "@aws-sdk/config-resolver": "3.36.0",
        "@aws-sdk/credential-provider-node": "3.36.0",
        "@aws-sdk/fetch-http-handler": "3.36.0",
        "@aws-sdk/hash-node": "3.36.0",
        "@aws-sdk/invalid-dependency": "3.36.0",
        "@aws-sdk/middleware-content-length": "3.36.0",
        "@aws-sdk/middleware-endpoint-discovery": "3.36.0",
        "@aws-sdk/middleware-host-header": "3.36.0",
        "@aws-sdk/middleware-logger": "3.36.0",
        "@aws-sdk/middleware-retry": "3.36.0",
        "@aws-sdk/middleware-serde": "3.36.0",
        "@aws-sdk/middleware-signing": "3.36.0",
        "@aws-sdk/middleware-stack": "3.36.0",
        "@aws-sdk/middleware-user-agent": "3.36.0",
        "@aws-sdk/node-config-provider": "3.36.0",
        "@aws-sdk/node-http-handler": "3.36.0",
        "@aws-sdk/protocol-http": "3.36.0",
        "@aws-sdk/smithy-client": "3.36.0",
        "@aws-sdk/types": "3.36.0",
        "@aws-sdk/url-parser": "3.36.0",
        "@aws-sdk/util-base64-browser": "3.36.0",
        "@aws-sdk/util-base64-node": "3.36.0",
        "@aws-sdk/util-body-length-browser": "3.36.0",
        "@aws-sdk/util-body-length-node": "3.36.0",
        "@aws-sdk/util-user-agent-browser": "3.36.0",
        "@aws-sdk/util-user-agent-node": "3.36.0",
        "@aws-sdk/util-utf8-browser": "3.36.0",
        "@aws-sdk/util-utf8-node": "3.36.0",
        "@aws-sdk/util-waiter": "3.36.0",
        "tslib": "^2.3.0",
        "uuid": "^8.3.2"
      }
    },
    "@aws-sdk/client-sso": {
      "version": "3.36.0",
      "resolved": "https://registry.npmjs.org/@aws-sdk/client-sso/-/client-sso-3.36.0.tgz",
      "integrity": "sha512-AYGX9nz0zv1IslX/N5Qe83PX9Fgu7Lvf+LIVeBocZzF4IlcHx5lYAVAWi/Bzr1wGWRFBC/XI3JZwXuzmrjWc1A==",
      "requires": {
        "@aws-crypto/sha256-browser": "^1.0.0",
        "@aws-crypto/sha256-js": "^1.0.0",
        "@aws-sdk/config-resolver": "3.36.0",
        "@aws-sdk/fetch-http-handler": "3.36.0",
        "@aws-sdk/hash-node": "3.36.0",
        "@aws-sdk/invalid-dependency": "3.36.0",
        "@aws-sdk/middleware-content-length": "3.36.0",
        "@aws-sdk/middleware-host-header": "3.36.0",
        "@aws-sdk/middleware-logger": "3.36.0",
        "@aws-sdk/middleware-retry": "3.36.0",
        "@aws-sdk/middleware-serde": "3.36.0",
        "@aws-sdk/middleware-stack": "3.36.0",
        "@aws-sdk/middleware-user-agent": "3.36.0",
        "@aws-sdk/node-config-provider": "3.36.0",
        "@aws-sdk/node-http-handler": "3.36.0",
        "@aws-sdk/protocol-http": "3.36.0",
        "@aws-sdk/smithy-client": "3.36.0",
        "@aws-sdk/types": "3.36.0",
        "@aws-sdk/url-parser": "3.36.0",
        "@aws-sdk/util-base64-browser": "3.36.0",
        "@aws-sdk/util-base64-node": "3.36.0",
        "@aws-sdk/util-body-length-browser": "3.36.0",
        "@aws-sdk/util-body-length-node": "3.36.0",
        "@aws-sdk/util-user-agent-browser": "3.36.0",
        "@aws-sdk/util-user-agent-node": "3.36.0",
        "@aws-sdk/util-utf8-browser": "3.36.0",
        "@aws-sdk/util-utf8-node": "3.36.0",
        "tslib": "^2.3.0"
      }
    },
    "@aws-sdk/client-sts": {
      "version": "3.36.0",
      "resolved": "https://registry.npmjs.org/@aws-sdk/client-sts/-/client-sts-3.36.0.tgz",
      "integrity": "sha512-NQ3BjVMvbTshWI2w1kTo8G3EHKUN7wsDz7Ixvjxm6mxSHVqgM+Yehuz52H0donynY+3O2rs+dafIOL+DESVsIQ==",
      "requires": {
        "@aws-crypto/sha256-browser": "^1.0.0",
        "@aws-crypto/sha256-js": "^1.0.0",
        "@aws-sdk/config-resolver": "3.36.0",
        "@aws-sdk/credential-provider-node": "3.36.0",
        "@aws-sdk/fetch-http-handler": "3.36.0",
        "@aws-sdk/hash-node": "3.36.0",
        "@aws-sdk/invalid-dependency": "3.36.0",
        "@aws-sdk/middleware-content-length": "3.36.0",
        "@aws-sdk/middleware-host-header": "3.36.0",
        "@aws-sdk/middleware-logger": "3.36.0",
        "@aws-sdk/middleware-retry": "3.36.0",
        "@aws-sdk/middleware-sdk-sts": "3.36.0",
        "@aws-sdk/middleware-serde": "3.36.0",
        "@aws-sdk/middleware-signing": "3.36.0",
        "@aws-sdk/middleware-stack": "3.36.0",
        "@aws-sdk/middleware-user-agent": "3.36.0",
        "@aws-sdk/node-config-provider": "3.36.0",
        "@aws-sdk/node-http-handler": "3.36.0",
        "@aws-sdk/protocol-http": "3.36.0",
        "@aws-sdk/smithy-client": "3.36.0",
        "@aws-sdk/types": "3.36.0",
        "@aws-sdk/url-parser": "3.36.0",
        "@aws-sdk/util-base64-browser": "3.36.0",
        "@aws-sdk/util-base64-node": "3.36.0",
        "@aws-sdk/util-body-length-browser": "3.36.0",
        "@aws-sdk/util-body-length-node": "3.36.0",
        "@aws-sdk/util-user-agent-browser": "3.36.0",
        "@aws-sdk/util-user-agent-node": "3.36.0",
        "@aws-sdk/util-utf8-browser": "3.36.0",
        "@aws-sdk/util-utf8-node": "3.36.0",
        "entities": "2.2.0",
        "fast-xml-parser": "3.19.0",
        "tslib": "^2.3.0"
      }
    },
    "@aws-sdk/config-resolver": {
      "version": "3.36.0",
      "resolved": "https://registry.npmjs.org/@aws-sdk/config-resolver/-/config-resolver-3.36.0.tgz",
      "integrity": "sha512-4UxdPrlSo1RToelV72fMustttTSWKHJm3L054jJQUCiXDIIrUTAFhI5Z6El4wqYjg15QIZkIdcN0T9Vzd/z5Lw==",
      "requires": {
        "@aws-sdk/signature-v4": "3.36.0",
        "@aws-sdk/types": "3.36.0",
        "tslib": "^2.3.0"
      }
    },
    "@aws-sdk/credential-provider-env": {
      "version": "3.36.0",
      "resolved": "https://registry.npmjs.org/@aws-sdk/credential-provider-env/-/credential-provider-env-3.36.0.tgz",
      "integrity": "sha512-APQAgVmVx850lL8v2Sz/L4kA7a7ectqNZNxTBm6+H534uGsGYwNSmRcTQiXA77qCRts5ZaFQP3CHdxR8/Ixr6w==",
      "requires": {
        "@aws-sdk/property-provider": "3.36.0",
        "@aws-sdk/types": "3.36.0",
        "tslib": "^2.3.0"
      }
    },
    "@aws-sdk/credential-provider-imds": {
      "version": "3.36.0",
      "resolved": "https://registry.npmjs.org/@aws-sdk/credential-provider-imds/-/credential-provider-imds-3.36.0.tgz",
      "integrity": "sha512-4hDzNZ60hgAenhAm1Sys25H2LispgtvSx+K6U/5kTJCvfqRwS13ZH9LTjlA4FoJC+zv4INSYN01oYZfhQpczUw==",
      "requires": {
        "@aws-sdk/node-config-provider": "3.36.0",
        "@aws-sdk/property-provider": "3.36.0",
        "@aws-sdk/types": "3.36.0",
        "@aws-sdk/url-parser": "3.36.0",
        "tslib": "^2.3.0"
      }
    },
    "@aws-sdk/credential-provider-ini": {
      "version": "3.36.0",
      "resolved": "https://registry.npmjs.org/@aws-sdk/credential-provider-ini/-/credential-provider-ini-3.36.0.tgz",
      "integrity": "sha512-d6X+cb82xokJyGq5TUITLuLa0uww93H6mSWeTdhpal5h02tidnTCT9+mrHsMXTtUYMrEKYbqIj7xfBZ1V+jNYw==",
      "requires": {
        "@aws-sdk/credential-provider-env": "3.36.0",
        "@aws-sdk/credential-provider-imds": "3.36.0",
        "@aws-sdk/credential-provider-sso": "3.36.0",
        "@aws-sdk/credential-provider-web-identity": "3.36.0",
        "@aws-sdk/property-provider": "3.36.0",
        "@aws-sdk/shared-ini-file-loader": "3.36.0",
        "@aws-sdk/types": "3.36.0",
        "@aws-sdk/util-credentials": "3.36.0",
        "tslib": "^2.3.0"
      }
    },
    "@aws-sdk/credential-provider-node": {
      "version": "3.36.0",
      "resolved": "https://registry.npmjs.org/@aws-sdk/credential-provider-node/-/credential-provider-node-3.36.0.tgz",
      "integrity": "sha512-Z0tOT1R7hZv5PLSCIf+2twZmPvzOnS7mRSR09VUJtzjwkgFT3g+W/vu2j8AyA+cKouw4gbtgds5tYnByL49Yxg==",
      "requires": {
        "@aws-sdk/credential-provider-env": "3.36.0",
        "@aws-sdk/credential-provider-imds": "3.36.0",
        "@aws-sdk/credential-provider-ini": "3.36.0",
        "@aws-sdk/credential-provider-process": "3.36.0",
        "@aws-sdk/credential-provider-sso": "3.36.0",
        "@aws-sdk/credential-provider-web-identity": "3.36.0",
        "@aws-sdk/property-provider": "3.36.0",
        "@aws-sdk/shared-ini-file-loader": "3.36.0",
        "@aws-sdk/types": "3.36.0",
        "@aws-sdk/util-credentials": "3.36.0",
        "tslib": "^2.3.0"
      }
    },
    "@aws-sdk/credential-provider-process": {
      "version": "3.36.0",
      "resolved": "https://registry.npmjs.org/@aws-sdk/credential-provider-process/-/credential-provider-process-3.36.0.tgz",
      "integrity": "sha512-2ITkLv5mwbPzDCnPpZ7GpibQD78yiF2voU3knR5XWbnSdHosV+taTwnU+HMcJhWQPR9lTKHDf4/rEtUPw/imrQ==",
      "requires": {
        "@aws-sdk/property-provider": "3.36.0",
        "@aws-sdk/shared-ini-file-loader": "3.36.0",
        "@aws-sdk/types": "3.36.0",
        "@aws-sdk/util-credentials": "3.36.0",
        "tslib": "^2.3.0"
      }
    },
    "@aws-sdk/credential-provider-sso": {
      "version": "3.36.0",
      "resolved": "https://registry.npmjs.org/@aws-sdk/credential-provider-sso/-/credential-provider-sso-3.36.0.tgz",
      "integrity": "sha512-TUuizFuLaWkY/XE+VArQfzFRYK+uZzuJT3XvfLd4EYPa7yD1V0Wqzj3za7JmQsFIWx6YhTlJmnJRsestuoNDhw==",
      "requires": {
        "@aws-sdk/client-sso": "3.36.0",
        "@aws-sdk/property-provider": "3.36.0",
        "@aws-sdk/shared-ini-file-loader": "3.36.0",
        "@aws-sdk/types": "3.36.0",
        "@aws-sdk/util-credentials": "3.36.0",
        "tslib": "^2.3.0"
      }
    },
    "@aws-sdk/credential-provider-web-identity": {
      "version": "3.36.0",
      "resolved": "https://registry.npmjs.org/@aws-sdk/credential-provider-web-identity/-/credential-provider-web-identity-3.36.0.tgz",
      "integrity": "sha512-cC0WZmQhxmEw5VJud15tNDQggGFTxtz6FP5Yj46UtmNa+cTadtrruoe4PZBC1QqWgrfBpkI7W1quD3BZthiV/w==",
      "requires": {
        "@aws-sdk/property-provider": "3.36.0",
        "@aws-sdk/types": "3.36.0",
        "tslib": "^2.3.0"
      }
    },
    "@aws-sdk/endpoint-cache": {
      "version": "3.36.0",
      "resolved": "https://registry.npmjs.org/@aws-sdk/endpoint-cache/-/endpoint-cache-3.36.0.tgz",
      "integrity": "sha512-riqT+0ETKJQyp86K8eZQZdbnZmswHpEEz4VdSoXfj+VpGe3UtasUbyqsTIW2gCi2SFypSNbjrRk3QMFmWQJxXA==",
      "requires": {
        "mnemonist": "0.38.3",
        "tslib": "^2.3.0"
      }
    },
    "@aws-sdk/fetch-http-handler": {
      "version": "3.36.0",
      "resolved": "https://registry.npmjs.org/@aws-sdk/fetch-http-handler/-/fetch-http-handler-3.36.0.tgz",
      "integrity": "sha512-Xhd55V12+m8GTHdJRQVlxsdzq3k5rNUMK/5t4ehJwLoYdo3yc2tjOytgUoD9qDyGPkAV8nnP/uM03QEuovEk9w==",
      "requires": {
        "@aws-sdk/protocol-http": "3.36.0",
        "@aws-sdk/querystring-builder": "3.36.0",
        "@aws-sdk/types": "3.36.0",
        "@aws-sdk/util-base64-browser": "3.36.0",
        "tslib": "^2.3.0"
      }
    },
    "@aws-sdk/hash-node": {
      "version": "3.36.0",
      "resolved": "https://registry.npmjs.org/@aws-sdk/hash-node/-/hash-node-3.36.0.tgz",
      "integrity": "sha512-+SbX7eE+DRGeK6VfxKa4SanlT3syEn512XkwGvPe51r/ojeTgAZf/PzlKh+ketGMsbwDwoF2uQaQo/dos8PGjA==",
      "requires": {
        "@aws-sdk/types": "3.36.0",
        "@aws-sdk/util-buffer-from": "3.36.0",
        "tslib": "^2.3.0"
      }
    },
    "@aws-sdk/invalid-dependency": {
      "version": "3.36.0",
      "resolved": "https://registry.npmjs.org/@aws-sdk/invalid-dependency/-/invalid-dependency-3.36.0.tgz",
      "integrity": "sha512-ArRPRY/5QmxmmAoMX1ukNPyOFic7CskZwDwFxnlFOzrsSaVuLkkqTW4SLV+xjVMHX8oINggj9Ufzgh3gj2oUaA==",
      "requires": {
        "@aws-sdk/types": "3.36.0",
        "tslib": "^2.3.0"
      }
    },
    "@aws-sdk/is-array-buffer": {
      "version": "3.36.0",
      "resolved": "https://registry.npmjs.org/@aws-sdk/is-array-buffer/-/is-array-buffer-3.36.0.tgz",
      "integrity": "sha512-sglBYWZYeYmCxkVdol+W2HGazAwF6z3HvLETkDIKTzM80+xepCoEBGrJi1tWO+OMZxSJq1KV/u89fQuGouBeKQ==",
      "requires": {
        "tslib": "^2.3.0"
      }
    },
    "@aws-sdk/lib-dynamodb": {
      "version": "3.36.0",
      "resolved": "https://registry.npmjs.org/@aws-sdk/lib-dynamodb/-/lib-dynamodb-3.36.0.tgz",
      "integrity": "sha512-rV6MvhDCgsdg1kqxw8pGBUIJtiH4QErux+L/Hnc5FLrzc/64hwz5At9ex4WyfzJE2lXm1jpW3MBA//p4FDv+Xw==",
      "requires": {
        "@aws-sdk/util-dynamodb": "3.36.0",
        "tslib": "^2.3.0"
      }
    },
    "@aws-sdk/middleware-content-length": {
      "version": "3.36.0",
      "resolved": "https://registry.npmjs.org/@aws-sdk/middleware-content-length/-/middleware-content-length-3.36.0.tgz",
      "integrity": "sha512-3+3QYgXnIukhdeP8UHXb7E8vv9d61sUAN4hbEi4/Tg6ZZOUoeVfWZrQCQNTNBV07qoATdeGE+EaPgTJEOmiDig==",
      "requires": {
        "@aws-sdk/protocol-http": "3.36.0",
        "@aws-sdk/types": "3.36.0",
        "tslib": "^2.3.0"
      }
    },
    "@aws-sdk/middleware-endpoint-discovery": {
      "version": "3.36.0",
      "resolved": "https://registry.npmjs.org/@aws-sdk/middleware-endpoint-discovery/-/middleware-endpoint-discovery-3.36.0.tgz",
      "integrity": "sha512-LmgfD3R44P8dmOKgGLtoQstU2Le7DZku6wSXkblJK1wAebzRw7oogPHAUA3L2imNyjMFVN3EvVXQq3cq0Bdy3g==",
      "requires": {
        "@aws-sdk/config-resolver": "3.36.0",
        "@aws-sdk/endpoint-cache": "3.36.0",
        "@aws-sdk/protocol-http": "3.36.0",
        "@aws-sdk/types": "3.36.0",
        "tslib": "^2.3.0"
      }
    },
    "@aws-sdk/middleware-host-header": {
      "version": "3.36.0",
      "resolved": "https://registry.npmjs.org/@aws-sdk/middleware-host-header/-/middleware-host-header-3.36.0.tgz",
      "integrity": "sha512-hN9HSMAE6um17TygJaQjAlM5fFJRneXB794OK/hMngibotQ90FogvbEWOPBRBW+LaWWemr39xdcb51PHsUSlbg==",
      "requires": {
        "@aws-sdk/protocol-http": "3.36.0",
        "@aws-sdk/types": "3.36.0",
        "tslib": "^2.3.0"
      }
    },
    "@aws-sdk/middleware-logger": {
      "version": "3.36.0",
      "resolved": "https://registry.npmjs.org/@aws-sdk/middleware-logger/-/middleware-logger-3.36.0.tgz",
      "integrity": "sha512-Cl5yx5xNbm8nL6iI0iRjEmtT/ImoxZzU3eWpACglweyxgeF5nRDUMp5v9WthuCPCOjxrw2I95JOj5JOP+/QIXA==",
      "requires": {
        "@aws-sdk/types": "3.36.0",
        "tslib": "^2.3.0"
      }
    },
    "@aws-sdk/middleware-retry": {
      "version": "3.36.0",
      "resolved": "https://registry.npmjs.org/@aws-sdk/middleware-retry/-/middleware-retry-3.36.0.tgz",
      "integrity": "sha512-qFHFQ7KmwpD8eRCsbN4vaisidlRi/rzegns5/3PZU0wygQ2obTi2NnKJJr0dWSG6XqPhBmUv0YleIh9LQZimuQ==",
      "requires": {
        "@aws-sdk/protocol-http": "3.36.0",
        "@aws-sdk/service-error-classification": "3.36.0",
        "@aws-sdk/types": "3.36.0",
        "tslib": "^2.3.0",
        "uuid": "^8.3.2"
      }
    },
    "@aws-sdk/middleware-sdk-sts": {
      "version": "3.36.0",
      "resolved": "https://registry.npmjs.org/@aws-sdk/middleware-sdk-sts/-/middleware-sdk-sts-3.36.0.tgz",
      "integrity": "sha512-W4b09/mfNqFNoxJxI0L2FjKEadhtYIBNkL8kh4fL40ax7zBL1Q7El9ZKueBezyN1EbYRui+tym39x9eEYZwTWw==",
      "requires": {
        "@aws-sdk/middleware-signing": "3.36.0",
        "@aws-sdk/property-provider": "3.36.0",
        "@aws-sdk/protocol-http": "3.36.0",
        "@aws-sdk/signature-v4": "3.36.0",
        "@aws-sdk/types": "3.36.0",
        "tslib": "^2.3.0"
      }
    },
    "@aws-sdk/middleware-serde": {
      "version": "3.36.0",
      "resolved": "https://registry.npmjs.org/@aws-sdk/middleware-serde/-/middleware-serde-3.36.0.tgz",
      "integrity": "sha512-KuQIt3Cq+FC2UlQ/PMYQACnSK4v/fkV0dHqTjICuCi0Tft17HtkXU6rFLbIAbkM1wCp1OhyHFjHHDESvvjdmGA==",
      "requires": {
        "@aws-sdk/types": "3.36.0",
        "tslib": "^2.3.0"
      }
    },
    "@aws-sdk/middleware-signing": {
      "version": "3.36.0",
      "resolved": "https://registry.npmjs.org/@aws-sdk/middleware-signing/-/middleware-signing-3.36.0.tgz",
      "integrity": "sha512-nx+IJE2YFxHF+ap4mOUSVP7WmXMgtHgC/QM97pcd03RtUhsNsu0rmv5HOmyl5MduP/NjGdRdF3Ng+MP2q2aTpg==",
      "requires": {
        "@aws-sdk/property-provider": "3.36.0",
        "@aws-sdk/protocol-http": "3.36.0",
        "@aws-sdk/signature-v4": "3.36.0",
        "@aws-sdk/types": "3.36.0",
        "tslib": "^2.3.0"
      }
    },
    "@aws-sdk/middleware-stack": {
      "version": "3.36.0",
      "resolved": "https://registry.npmjs.org/@aws-sdk/middleware-stack/-/middleware-stack-3.36.0.tgz",
      "integrity": "sha512-9BWJ25nGQET23CiukmdGw0njDhl+uTUZ8CwO4VQwklmK9x8Y+NFE7k2RCp5m3GxEvn07oJ3FlWK5WE4LLmu4Pw==",
      "requires": {
        "tslib": "^2.3.0"
      }
    },
    "@aws-sdk/middleware-user-agent": {
      "version": "3.36.0",
      "resolved": "https://registry.npmjs.org/@aws-sdk/middleware-user-agent/-/middleware-user-agent-3.36.0.tgz",
      "integrity": "sha512-n2Poao1alyrKu8a5vcOW9hFIRHrnAlKtUvlItQWSVxgVHQhrYkBJycRW/qh1BKLxt1S+EUPTMTVS4i0XGYOqSw==",
      "requires": {
        "@aws-sdk/protocol-http": "3.36.0",
        "@aws-sdk/types": "3.36.0",
        "tslib": "^2.3.0"
      }
    },
    "@aws-sdk/node-config-provider": {
      "version": "3.36.0",
      "resolved": "https://registry.npmjs.org/@aws-sdk/node-config-provider/-/node-config-provider-3.36.0.tgz",
      "integrity": "sha512-tn1ToARM3iPXh1BZxzv5OgqBvXIAZaWV+sZ/Ns1GY7r5oy9JA2Z3Q/VG49POrY2gL5q1QaGAs/5WiBc6TEEE6Q==",
      "requires": {
        "@aws-sdk/property-provider": "3.36.0",
        "@aws-sdk/shared-ini-file-loader": "3.36.0",
        "@aws-sdk/types": "3.36.0",
        "tslib": "^2.3.0"
      }
    },
    "@aws-sdk/node-http-handler": {
      "version": "3.36.0",
      "resolved": "https://registry.npmjs.org/@aws-sdk/node-http-handler/-/node-http-handler-3.36.0.tgz",
      "integrity": "sha512-hfmiEw498YNS/maPVLqQaXvfE6zygGgCsQcD/r8AHdI3vuoNk0fMr6Ys9EhTr9cjBATRDej3Yq7PMKMylsnaiw==",
      "requires": {
        "@aws-sdk/abort-controller": "3.36.0",
        "@aws-sdk/protocol-http": "3.36.0",
        "@aws-sdk/querystring-builder": "3.36.0",
        "@aws-sdk/types": "3.36.0",
        "tslib": "^2.3.0"
      }
    },
    "@aws-sdk/property-provider": {
      "version": "3.36.0",
      "resolved": "https://registry.npmjs.org/@aws-sdk/property-provider/-/property-provider-3.36.0.tgz",
      "integrity": "sha512-/+XvcAClcpaV0ufcC7r7mYq7MWRk9gsSWWw2nlb8O4Yj1r7bQyg3WsR4gCd9bxL8uUJn4xCD5nvVp3pLzgOsRg==",
      "requires": {
        "@aws-sdk/types": "3.36.0",
        "tslib": "^2.3.0"
      }
    },
    "@aws-sdk/protocol-http": {
      "version": "3.36.0",
      "resolved": "https://registry.npmjs.org/@aws-sdk/protocol-http/-/protocol-http-3.36.0.tgz",
      "integrity": "sha512-8uSVHoboZh9oNG4oCf0sVmZDB5HDY0CiWcX22ELqvYpia96gIp/n1AHru7aEbD++uHB3w+VPbHABOXDD6dxqmg==",
      "requires": {
        "@aws-sdk/types": "3.36.0",
        "tslib": "^2.3.0"
      }
    },
    "@aws-sdk/querystring-builder": {
      "version": "3.36.0",
      "resolved": "https://registry.npmjs.org/@aws-sdk/querystring-builder/-/querystring-builder-3.36.0.tgz",
      "integrity": "sha512-l+ngIoBDKoarU8Pdi2InIKGhzl7/pnAMmAE8HMC9EIFDPwpdyOVd8HQFT8+Ot3nlvHiZC8OzpRTTwS0sXIhLEQ==",
      "requires": {
        "@aws-sdk/types": "3.36.0",
        "@aws-sdk/util-uri-escape": "3.36.0",
        "tslib": "^2.3.0"
      }
    },
    "@aws-sdk/querystring-parser": {
      "version": "3.36.0",
      "resolved": "https://registry.npmjs.org/@aws-sdk/querystring-parser/-/querystring-parser-3.36.0.tgz",
      "integrity": "sha512-ZRqJaWnuZLx7c0iTrUr1Se4rEuAlrS3+gzNaraheJasUCVTSXGqHYSGuV8y83/hKnwMra4r9ITd8SzTHuHPTzA==",
      "requires": {
        "@aws-sdk/types": "3.36.0",
        "tslib": "^2.3.0"
      }
    },
    "@aws-sdk/service-error-classification": {
      "version": "3.36.0",
      "resolved": "https://registry.npmjs.org/@aws-sdk/service-error-classification/-/service-error-classification-3.36.0.tgz",
      "integrity": "sha512-y3m/Gc1kSZBX1Dvg3lnu3TxteW2WqjFGc5Y1XBqjOdmQ5JmE1GZz+s9inGfP6N/5v56qQfhTeVCABh1Anq+jEw=="
    },
    "@aws-sdk/shared-ini-file-loader": {
      "version": "3.36.0",
      "resolved": "https://registry.npmjs.org/@aws-sdk/shared-ini-file-loader/-/shared-ini-file-loader-3.36.0.tgz",
      "integrity": "sha512-4Xb40+nmfT+qjmHfC17bC96bTME01k+axhSX1GkPH6PlrZrR3ICuq59JLn7SJprw8x7/HHa1HmYpCR1tbkXjNw==",
      "requires": {
        "tslib": "^2.3.0"
      }
    },
    "@aws-sdk/signature-v4": {
      "version": "3.36.0",
      "resolved": "https://registry.npmjs.org/@aws-sdk/signature-v4/-/signature-v4-3.36.0.tgz",
      "integrity": "sha512-R17pRSxUYai0rBDAQPMXp/9kC1BewciJlkfP2Lztvp09KqEOqkHTzS3/vHm5W2lStQi+LThAjtG7vADSJIJ9Vg==",
      "requires": {
        "@aws-sdk/is-array-buffer": "3.36.0",
        "@aws-sdk/types": "3.36.0",
        "@aws-sdk/util-hex-encoding": "3.36.0",
        "@aws-sdk/util-uri-escape": "3.36.0",
        "tslib": "^2.3.0"
      }
    },
    "@aws-sdk/smithy-client": {
      "version": "3.36.0",
      "resolved": "https://registry.npmjs.org/@aws-sdk/smithy-client/-/smithy-client-3.36.0.tgz",
      "integrity": "sha512-uYX4M7pNj+Vf4JuVOL0p+tAIKNHg2i7GgNyVlcELdaLFMIFfViJ2cMF72KqHA5xssnc9BHX/pR/0LS5PhBCYRg==",
      "requires": {
        "@aws-sdk/middleware-stack": "3.36.0",
        "@aws-sdk/types": "3.36.0",
        "tslib": "^2.3.0"
      }
    },
    "@aws-sdk/types": {
      "version": "3.36.0",
      "resolved": "https://registry.npmjs.org/@aws-sdk/types/-/types-3.36.0.tgz",
      "integrity": "sha512-OeaTDZqo4OfGahgsZF2viOWxSSNColEUf8RbKAWNlke3nkMu3JW8kkft1Qte6jvoQxZ3jOQWi33Z4LUxix/V7A=="
    },
    "@aws-sdk/url-parser": {
      "version": "3.36.0",
      "resolved": "https://registry.npmjs.org/@aws-sdk/url-parser/-/url-parser-3.36.0.tgz",
      "integrity": "sha512-3l0iY9lx7dqEEyeKEB5IV92nFSYFAqwnD9cvJ6qmv5bheAgoizykugRMiT5U5DFGh5WYOHAh0Zkedqq87vJZOA==",
      "requires": {
        "@aws-sdk/querystring-parser": "3.36.0",
        "@aws-sdk/types": "3.36.0",
        "tslib": "^2.3.0"
      }
    },
    "@aws-sdk/util-base64-browser": {
      "version": "3.36.0",
      "resolved": "https://registry.npmjs.org/@aws-sdk/util-base64-browser/-/util-base64-browser-3.36.0.tgz",
      "integrity": "sha512-N8Ej1C5rea8QSoU8Aomh9hpcGA1p/lEw6jIQQJ6yAKOUPk3y/XIhmJLj7nkIbL1LoRmS5seNqlaFilEBDDUxQw==",
      "requires": {
        "tslib": "^2.3.0"
      }
    },
    "@aws-sdk/util-base64-node": {
      "version": "3.36.0",
      "resolved": "https://registry.npmjs.org/@aws-sdk/util-base64-node/-/util-base64-node-3.36.0.tgz",
      "integrity": "sha512-Lum6NUvfJuzCikeWjwBBKZR8cveVzwpGM6kCYEtLzFrc41vCf1bdUFwG05v6J0cAyUz9ULjJ/5P/RV27ddqTfQ==",
      "requires": {
        "@aws-sdk/util-buffer-from": "3.36.0",
        "tslib": "^2.3.0"
      }
    },
    "@aws-sdk/util-body-length-browser": {
      "version": "3.36.0",
      "resolved": "https://registry.npmjs.org/@aws-sdk/util-body-length-browser/-/util-body-length-browser-3.36.0.tgz",
      "integrity": "sha512-6iSpqACjRVaG0J//zfPCcGb4Dy+7a/SQIWPg+dvDt3kV36oUYUpjE5UurlniONL4tntXs28WsiGJkJ8SQ+wefA==",
      "requires": {
        "tslib": "^2.3.0"
      }
    },
    "@aws-sdk/util-body-length-node": {
      "version": "3.36.0",
      "resolved": "https://registry.npmjs.org/@aws-sdk/util-body-length-node/-/util-body-length-node-3.36.0.tgz",
      "integrity": "sha512-19Qnr3AyInJes3LSlcf21Gw+e872ZeXHz59it91UvHX0bDqteJ7hjKG9g3PwA4z68JDTh+cL0zsUGlXQbaCv8w==",
      "requires": {
        "tslib": "^2.3.0"
      }
    },
    "@aws-sdk/util-buffer-from": {
      "version": "3.36.0",
      "resolved": "https://registry.npmjs.org/@aws-sdk/util-buffer-from/-/util-buffer-from-3.36.0.tgz",
      "integrity": "sha512-5HUsLHUQWOt87HeM6BO42BW1tCsD2UyJPdub7ME/r6NjpUNHsDHQP1j4MrqKFh7RbPUkdIF5s4/0VK5yoHQC4A==",
      "requires": {
        "@aws-sdk/is-array-buffer": "3.36.0",
        "tslib": "^2.3.0"
      }
    },
    "@aws-sdk/util-credentials": {
      "version": "3.36.0",
      "resolved": "https://registry.npmjs.org/@aws-sdk/util-credentials/-/util-credentials-3.36.0.tgz",
      "integrity": "sha512-5+XZL8ARDZGGhVDoBZNzS2Y6EJLGtsMkJbihZSMrHybljrLcYV0aM+Szqeotic9Zces5G4u5ZrN53IkXlLiY5Q==",
      "requires": {
        "@aws-sdk/shared-ini-file-loader": "3.36.0",
        "tslib": "^2.3.0"
      }
    },
    "@aws-sdk/util-dynamodb": {
      "version": "3.36.0",
      "resolved": "https://registry.npmjs.org/@aws-sdk/util-dynamodb/-/util-dynamodb-3.36.0.tgz",
      "integrity": "sha512-Vr0g9m5PvCnal2CSJxPgAv93EjL5Oo/Blxt/GuxqwLh1JGQyj5wAKAiln6G5TvhOSdOTRpqUYGQZ7l9w88Q2tA==",
      "requires": {
        "tslib": "^2.3.0"
      }
    },
    "@aws-sdk/util-hex-encoding": {
      "version": "3.36.0",
      "resolved": "https://registry.npmjs.org/@aws-sdk/util-hex-encoding/-/util-hex-encoding-3.36.0.tgz",
      "integrity": "sha512-idqvxxGpitTt2UryXk+oy5dFHNVER1GOzexmNZG2JDtqJRfcJyx+gy+Q/HpQFxty1q3/5jxoYQW3KIpsqx7djw==",
      "requires": {
        "tslib": "^2.3.0"
      }
    },
    "@aws-sdk/util-locate-window": {
      "version": "3.36.0",
      "resolved": "https://registry.npmjs.org/@aws-sdk/util-locate-window/-/util-locate-window-3.36.0.tgz",
      "integrity": "sha512-w5k3siBOGy7bAfZG/p0WIHpedHNb4OQ0wUSDNvd6Kzn4dkqHPTWoA1NrCEuFk9Gwkrr1yNKxgVlo0SCtgznxPw==",
      "requires": {
        "tslib": "^2.3.0"
      }
    },
    "@aws-sdk/util-uri-escape": {
      "version": "3.36.0",
      "resolved": "https://registry.npmjs.org/@aws-sdk/util-uri-escape/-/util-uri-escape-3.36.0.tgz",
      "integrity": "sha512-2JW6lj5OUhoWxMCFpCS/ADXrzuEkjx/djjJuEJ3aFcHUH0uBUJGYtM7Kz5Vot5PcE/KBVe+fsi3wczoFpK+iag==",
      "requires": {
        "tslib": "^2.3.0"
      }
    },
    "@aws-sdk/util-user-agent-browser": {
      "version": "3.36.0",
      "resolved": "https://registry.npmjs.org/@aws-sdk/util-user-agent-browser/-/util-user-agent-browser-3.36.0.tgz",
      "integrity": "sha512-pCHWQF85Aexrdtgd/hVGp5nHkqVt4+Ypse0J6Q2hs4pmu70HydnDDPRCimTquTsV3ni1M7mJGBMiTn7/qcjqyQ==",
      "requires": {
        "@aws-sdk/types": "3.36.0",
        "bowser": "^2.11.0",
        "tslib": "^2.3.0"
      }
    },
    "@aws-sdk/util-user-agent-node": {
      "version": "3.36.0",
      "resolved": "https://registry.npmjs.org/@aws-sdk/util-user-agent-node/-/util-user-agent-node-3.36.0.tgz",
      "integrity": "sha512-4OXZf2IYNBDkNPvptAQVztjF2Ov9s8vx1kAoHQx9LuKXV8FrhygU9DcMFlFkAXOeUkGDtWvok0n6horQ5/KNJA==",
      "requires": {
        "@aws-sdk/node-config-provider": "3.36.0",
        "@aws-sdk/types": "3.36.0",
        "tslib": "^2.3.0"
      }
    },
    "@aws-sdk/util-utf8-browser": {
      "version": "3.36.0",
      "resolved": "https://registry.npmjs.org/@aws-sdk/util-utf8-browser/-/util-utf8-browser-3.36.0.tgz",
      "integrity": "sha512-xVUtGIemnh2gD+1s6DZzdGNlgVxHXKlR/sT4G1afysifKrbyXMbh2Z3Ez+BgunWXQRbVXFmNQXHKHYuebMDe5w==",
      "requires": {
        "tslib": "^2.3.0"
      }
    },
    "@aws-sdk/util-utf8-node": {
      "version": "3.36.0",
      "resolved": "https://registry.npmjs.org/@aws-sdk/util-utf8-node/-/util-utf8-node-3.36.0.tgz",
      "integrity": "sha512-Yu0I2QDAzLShC9WVHyzRgPDgbwkDHK2lthtIMpRJ3s5kedUzXxbNqFKekrUihfODJMJGnrgDQp/rUq7hWjGciA==",
      "requires": {
        "@aws-sdk/util-buffer-from": "3.36.0",
        "tslib": "^2.3.0"
      }
    },
    "@aws-sdk/util-waiter": {
      "version": "3.36.0",
      "resolved": "https://registry.npmjs.org/@aws-sdk/util-waiter/-/util-waiter-3.36.0.tgz",
      "integrity": "sha512-lHBBg6n29yphB3J+UQkZb93FjOFxVSEs1jqtk77lCYp3Ugz0LwiSDHgQePMomwSP3HMR6Iqb3pAlkTivTW45sg==",
      "requires": {
        "@aws-sdk/abort-controller": "3.36.0",
        "@aws-sdk/types": "3.36.0",
        "tslib": "^2.3.0"
      }
    },
    "bowser": {
      "version": "2.11.0",
      "resolved": "https://registry.npmjs.org/bowser/-/bowser-2.11.0.tgz",
      "integrity": "sha512-AlcaJBi/pqqJBIQ8U9Mcpc9i8Aqxn88Skv5d+xBX006BY5u8N3mGLHa5Lgppa7L/HfwgwLgZ6NYs+Ag6uUmJRA=="
    },
    "entities": {
      "version": "2.2.0",
      "resolved": "https://registry.npmjs.org/entities/-/entities-2.2.0.tgz",
      "integrity": "sha512-p92if5Nz619I0w+akJrLZH0MX0Pb5DX39XOwQTtXSdQQOaYH03S1uIQp4mhOZtAXrxq4ViO67YTiLBo2638o9A=="
    },
    "fast-xml-parser": {
      "version": "3.19.0",
      "resolved": "https://registry.npmjs.org/fast-xml-parser/-/fast-xml-parser-3.19.0.tgz",
      "integrity": "sha512-4pXwmBplsCPv8FOY1WRakF970TjNGnGnfbOnLqjlYvMiF1SR3yOHyxMR/YCXpPTOspNF5gwudqktIP4VsWkvBg=="
    },
    "mnemonist": {
      "version": "0.38.3",
      "resolved": "https://registry.npmjs.org/mnemonist/-/mnemonist-0.38.3.tgz",
      "integrity": "sha512-2K9QYubXx/NAjv4VLq1d1Ly8pWNC5L3BrixtdkyTegXWJIqY+zLNDhhX/A+ZwWt70tB1S8H4BE8FLYEFyNoOBw==",
      "requires": {
        "obliterator": "^1.6.1"
      }
    },
    "obliterator": {
      "version": "1.6.1",
      "resolved": "https://registry.npmjs.org/obliterator/-/obliterator-1.6.1.tgz",
      "integrity": "sha512-9WXswnqINnnhOG/5SLimUlzuU1hFJUc8zkwyD59Sd+dPOMf05PmnYG/d6Q7HZ+KmgkZJa1PxRso6QdM3sTNHig=="
    },
    "tslib": {
      "version": "2.3.1",
      "resolved": "https://registry.npmjs.org/tslib/-/tslib-2.3.1.tgz",
      "integrity": "sha512-77EbyPPpMz+FRFRuAFlWMtmgUWGe9UOG2Z25NqCwiIjRhOf5iKGuzSe5P2w1laq+FkRy4p+PCuVkJSGkzTEKVw=="
    },
    "uuid": {
      "version": "8.3.2",
      "resolved": "https://registry.npmjs.org/uuid/-/uuid-8.3.2.tgz",
      "integrity": "sha512-+NYs2QeMWy+GWFOEm9xnn6HCDp0l7QBD7ml8zLUmJ+93Q5NF0NocErnwkTkXVFNiX3/fpC6afS8Dhb/gz7R7eg=="
    }
  }
}
